// !$*UTF8*$!
{
	archiveVersion = 1;
	classes = {};
	objectVersion = 77;
	objects = {

/* Begin PBXBuildFile section */
		A10000000000000000000001 /* SuperRightApp.swift in Sources */ = {isa = PBXBuildFile; fileRef = A20000000000000000000001 /* SuperRightApp.swift */; };
		A10000000000000000000002 /* ContentView.swift in Sources */ = {isa = PBXBuildFile; fileRef = A20000000000000000000002 /* ContentView.swift */; };
		A10000000000000000000003 /* FinderSync.swift in Sources */ = {isa = PBXBuildFile; fileRef = A20000000000000000000003 /* FinderSync.swift */; };
		A10000000000000000000004 /* FileCreator.swift in Sources */ = {isa = PBXBuildFile; fileRef = A20000000000000000000004 /* FileCreator.swift */; };
		A10000000000000000000005 /* SuperRightFinder.appex in Embed App Extensions */ = {isa = PBXBuildFile; fileRef = A2000000000000000000000A /* SuperRightFinder.appex */; settings = {ATTRIBUTES = (RemoveHeadersOnCopy, ); }; };
		A10000000000000000000006 /* MonitoringConfiguration.swift in Sources */ = {isa = PBXBuildFile; fileRef = A2000000000000000000000B /* MonitoringConfiguration.swift */; };
		A10000000000000000000007 /* MonitoringConfiguration.swift in Sources */ = {isa = PBXBuildFile; fileRef = A2000000000000000000000B /* MonitoringConfiguration.swift */; };
		A10000000000000000000008 /* Assets.xcassets in Resources */ = {isa = PBXBuildFile; fileRef = A2000000000000000000000C /* Assets.xcassets */; };
/* End PBXBuildFile section */

/* Begin PBXContainerItemProxy section */
		A30000000000000000000001 = {isa = PBXContainerItemProxy; containerPortal = A90000000000000000000001 /* Project object */; proxyType = 1; remoteGlobalIDString = A80000000000000000000002; remoteInfo = SuperRightFinder; };
/* End PBXContainerItemProxy section */

/* Begin PBXCopyFilesBuildPhase section */
		A40000000000000000000001 /* Embed App Extensions */ = {
			isa = PBXCopyFilesBuildPhase;
			buildActionMask = 2147483647;
			dstPath = "";
			dstSubfolderSpec = 13;
			files = (A10000000000000000000005 /* SuperRightFinder.appex in Embed App Extensions */, );
			name = "Embed App Extensions";
			runOnlyForDeploymentPostprocessing = 0;
		};
/* End PBXCopyFilesBuildPhase section */

/* Begin PBXFileReference section */
		A20000000000000000000001 /* SuperRightApp.swift */ = {isa = PBXFileReference; lastKnownFileType = sourcecode.swift; path = SuperRightApp.swift; sourceTree = "<group>"; };
		A20000000000000000000002 /* ContentView.swift */ = {isa = PBXFileReference; lastKnownFileType = sourcecode.swift; path = ContentView.swift; sourceTree = "<group>"; };
		A20000000000000000000003 /* FinderSync.swift */ = {isa = PBXFileReference; lastKnownFileType = sourcecode.swift; path = FinderSync.swift; sourceTree = "<group>"; };
		A20000000000000000000004 /* FileCreator.swift */ = {isa = PBXFileReference; lastKnownFileType = sourcecode.swift; path = FileCreator.swift; sourceTree = "<group>"; };
		A20000000000000000000005 /* AppInfo.plist */ = {isa = PBXFileReference; lastKnownFileType = text.plist.xml; path = AppInfo.plist; sourceTree = "<group>"; };
		A20000000000000000000006 /* FinderExtensionInfo.plist */ = {isa = PBXFileReference; lastKnownFileType = text.plist.xml; path = FinderExtensionInfo.plist; sourceTree = "<group>"; };
		A20000000000000000000007 /* SuperRight.entitlements */ = {isa = PBXFileReference; lastKnownFileType = text.plist.entitlements; path = SuperRight.entitlements; sourceTree = "<group>"; };
		A20000000000000000000008 /* FinderExtension.entitlements */ = {isa = PBXFileReference; lastKnownFileType = text.plist.entitlements; path = FinderExtension.entitlements; sourceTree = "<group>"; };
		A20000000000000000000009 /* SuperRight.app */ = {isa = PBXFileReference; explicitFileType = wrapper.application; includeInIndex = 0; path = SuperRight.app; sourceTree = BUILT_PRODUCTS_DIR; };
		A2000000000000000000000A /* SuperRightFinder.appex */ = {isa = PBXFileReference; explicitFileType = "wrapper.app-extension"; includeInIndex = 0; path = SuperRightFinder.appex; sourceTree = BUILT_PRODUCTS_DIR; };
		A2000000000000000000000B /* MonitoringConfiguration.swift */ = {isa = PBXFileReference; lastKnownFileType = sourcecode.swift; path = MonitoringConfiguration.swift; sourceTree = "<group>"; };
		A2000000000000000000000C /* Assets.xcassets */ = {isa = PBXFileReference; lastKnownFileType = folder.assetcatalog; path = Assets.xcassets; sourceTree = "<group>"; };
/* End PBXFileReference section */

/* Begin PBXFrameworksBuildPhase section */
		A50000000000000000000001 = {isa = PBXFrameworksBuildPhase; buildActionMask = 2147483647; files = (); runOnlyForDeploymentPostprocessing = 0; };
		A50000000000000000000002 = {isa = PBXFrameworksBuildPhase; buildActionMask = 2147483647; files = (); runOnlyForDeploymentPostprocessing = 0; };
/* End PBXFrameworksBuildPhase section */

/* Begin PBXGroup section */
		A60000000000000000000001 = {
			isa = PBXGroup;
			children = (A60000000000000000000002 /* SuperRight */, A60000000000000000000006 /* Products */, );
			sourceTree = "<group>";
		};
		A60000000000000000000002 /* SuperRight */ = {
			isa = PBXGroup;
			children = (A60000000000000000000003 /* App */, A60000000000000000000004 /* FinderExtension */, A60000000000000000000007 /* Shared */, A60000000000000000000005 /* Resources */, );
			path = SuperRight;
			sourceTree = "<group>";
		};
		A60000000000000000000003 /* App */ = {isa = PBXGroup; children = (A20000000000000000000001, A20000000000000000000002, ); path = App; sourceTree = "<group>"; };
		A60000000000000000000004 /* FinderExtension */ = {isa = PBXGroup; children = (A20000000000000000000003, A20000000000000000000004, ); path = FinderExtension; sourceTree = "<group>"; };
		A60000000000000000000005 /* Resources */ = {isa = PBXGroup; children = (A2000000000000000000000C, A20000000000000000000005, A20000000000000000000006, A20000000000000000000007, A20000000000000000000008, ); path = Resources; sourceTree = "<group>"; };
		A60000000000000000000006 /* Products */ = {isa = PBXGroup; children = (A20000000000000000000009, A2000000000000000000000A, ); name = Products; sourceTree = "<group>"; };
		A60000000000000000000007 /* Shared */ = {isa = PBXGroup; children = (A2000000000000000000000B, ); path = Shared; sourceTree = "<group>"; };
/* End PBXGroup section */

/* Begin PBXNativeTarget section */
		A80000000000000000000001 /* SuperRight */ = {
			isa = PBXNativeTarget;
			buildConfigurationList = AB0000000000000000000002;
			buildPhases = (A70000000000000000000001, A50000000000000000000001, A70000000000000000000003, A40000000000000000000001, );
			buildRules = ();
			dependencies = (AA0000000000000000000001, );
			name = SuperRight;
			productName = SuperRight;
			productReference = A20000000000000000000009;
			productType = "com.apple.product-type.application";
		};
		A80000000000000000000002 /* SuperRightFinder */ = {
			isa = PBXNativeTarget;
			buildConfigurationList = AB0000000000000000000003;
			buildPhases = (A70000000000000000000002, A50000000000000000000002, );
			buildRules = ();
			dependencies = ();
			name = SuperRightFinder;
			productName = SuperRightFinder;
			productReference = A2000000000000000000000A;
			productType = "com.apple.product-type.app-extension";
		};
/* End PBXNativeTarget section */

/* Begin PBXProject section */
		A90000000000000000000001 /* Project object */ = {
			isa = PBXProject;
			attributes = {BuildIndependentTargetsInParallel = 1; LastSwiftUpdateCheck = 2700; LastUpgradeCheck = 2700; TargetAttributes = {A80000000000000000000001 = {CreatedOnToolsVersion = 27.0; }; A80000000000000000000002 = {CreatedOnToolsVersion = 27.0; }; }; };
			buildConfigurationList = AB0000000000000000000001;
			compatibilityVersion = "Xcode 16.0";
			developmentRegion = en;
			hasScannedForEncodings = 0;
			knownRegions = (en, Base, );
			mainGroup = A60000000000000000000001;
			productRefGroup = A60000000000000000000006;
			projectDirPath = "";
			projectRoot = "";
			targets = (A80000000000000000000001, A80000000000000000000002, );
		};
/* End PBXProject section */

/* Begin PBXSourcesBuildPhase section */
		A70000000000000000000001 = {isa = PBXSourcesBuildPhase; buildActionMask = 2147483647; files = (A10000000000000000000001, A10000000000000000000002, A10000000000000000000006, ); runOnlyForDeploymentPostprocessing = 0; };
		A70000000000000000000002 = {isa = PBXSourcesBuildPhase; buildActionMask = 2147483647; files = (A10000000000000000000003, A10000000000000000000004, A10000000000000000000007, ); runOnlyForDeploymentPostprocessing = 0; };
/* End PBXSourcesBuildPhase section */

/* Begin PBXResourcesBuildPhase section */
		A70000000000000000000003 = {isa = PBXResourcesBuildPhase; buildActionMask = 2147483647; files = (A10000000000000000000008, ); runOnlyForDeploymentPostprocessing = 0; };
/* End PBXResourcesBuildPhase section */

/* Begin PBXTargetDependency section */
		AA0000000000000000000001 = {isa = PBXTargetDependency; target = A80000000000000000000002; targetProxy = A30000000000000000000001; };
/* End PBXTargetDependency section */

/* Begin XCBuildConfiguration section */
		AC0000000000000000000001 /* Debug */ = {isa = XCBuildConfiguration; buildSettings = {CLANG_ENABLE_MODULES = YES; CLANG_ENABLE_OBJC_ARC = YES; COPY_PHASE_STRIP = NO; DEBUG_INFORMATION_FORMAT = dwarf; ENABLE_STRICT_OBJC_MSGSEND = YES; GCC_C_LANGUAGE_STANDARD = gnu17; GCC_OPTIMIZATION_LEVEL = 0; GCC_PREPROCESSOR_DEFINITIONS = ("DEBUG=1", "$(inherited)", ); MACOSX_DEPLOYMENT_TARGET = 15.0; ONLY_ACTIVE_ARCH = YES; SDKROOT = macosx; SWIFT_ACTIVE_COMPILATION_CONDITIONS = DEBUG; SWIFT_OPTIMIZATION_LEVEL = "-Onone"; };
			name = Debug;
		};
		AC0000000000000000000002 /* Release */ = {isa = XCBuildConfiguration; buildSettings = {CLANG_ENABLE_MODULES = YES; CLANG_ENABLE_OBJC_ARC = YES; DEBUG_INFORMATION_FORMAT = "dwarf-with-dsym"; ENABLE_NS_ASSERTIONS = NO; ENABLE_STRICT_OBJC_MSGSEND = YES; GCC_C_LANGUAGE_STANDARD = gnu17; MACOSX_DEPLOYMENT_TARGET = 15.0; SDKROOT = macosx; SWIFT_COMPILATION_MODE = wholemodule; SWIFT_OPTIMIZATION_LEVEL = "-O"; };
			name = Release;
		};
		AC0000000000000000000003 /* Debug */ = {isa = XCBuildConfiguration; buildSettings = {ASSETCATALOG_COMPILER_APPICON_NAME = AppIcon; CODE_SIGN_ENTITLEMENTS = SuperRight/Resources/SuperRight.entitlements; CODE_SIGN_STYLE = Automatic; CURRENT_PROJECT_VERSION = 1; ENABLE_HARDENED_RUNTIME = YES; GENERATE_INFOPLIST_FILE = NO; INFOPLIST_FILE = SuperRight/Resources/AppInfo.plist; MARKETING_VERSION = 1.0; PRODUCT_BUNDLE_IDENTIFIER = com.example.SuperRight; PRODUCT_NAME = "$(TARGET_NAME)"; SWIFT_EMIT_LOC_STRINGS = YES; SWIFT_VERSION = 5.0; };
			name = Debug;
		};
		AC0000000000000000000004 /* Release */ = {isa = XCBuildConfiguration; buildSettings = {ASSETCATALOG_COMPILER_APPICON_NAME = AppIcon; CODE_SIGN_ENTITLEMENTS = SuperRight/Resources/SuperRight.entitlements; CODE_SIGN_STYLE = Automatic; CURRENT_PROJECT_VERSION = 1; ENABLE_HARDENED_RUNTIME = YES; GENERATE_INFOPLIST_FILE = NO; INFOPLIST_FILE = SuperRight/Resources/AppInfo.plist; MARKETING_VERSION = 1.0; PRODUCT_BUNDLE_IDENTIFIER = com.example.SuperRight; PRODUCT_NAME = "$(TARGET_NAME)"; SWIFT_EMIT_LOC_STRINGS = YES; SWIFT_VERSION = 5.0; };
			name = Release;
		};
		AC0000000000000000000005 /* Debug */ = {isa = XCBuildConfiguration; buildSettings = {APPLICATION_EXTENSION_API_ONLY = YES; CODE_SIGN_ENTITLEMENTS = SuperRight/Resources/FinderExtension.entitlements; CODE_SIGN_STYLE = Automatic; CURRENT_PROJECT_VERSION = 1; ENABLE_HARDENED_RUNTIME = YES; GENERATE_INFOPLIST_FILE = NO; INFOPLIST_FILE = SuperRight/Resources/FinderExtensionInfo.plist; MARKETING_VERSION = 1.0; PRODUCT_BUNDLE_IDENTIFIER = com.example.SuperRight.FinderExtension; PRODUCT_NAME = SuperRightFinder; SKIP_INSTALL = YES; SWIFT_VERSION = 5.0; };
			name = Debug;
		};
		AC0000000000000000000006 /* Release */ = {isa = XCBuildConfiguration; buildSettings = {APPLICATION_EXTENSION_API_ONLY = YES; CODE_SIGN_ENTITLEMENTS = SuperRight/Resources/FinderExtension.entitlements; CODE_SIGN_STYLE = Automatic; CURRENT_PROJECT_VERSION = 1; ENABLE_HARDENED_RUNTIME = YES; GENERATE_INFOPLIST_FILE = NO; INFOPLIST_FILE = SuperRight/Resources/FinderExtensionInfo.plist; MARKETING_VERSION = 1.0; PRODUCT_BUNDLE_IDENTIFIER = com.example.SuperRight.FinderExtension; PRODUCT_NAME = SuperRightFinder; SKIP_INSTALL = YES; SWIFT_VERSION = 5.0; };
			name = Release;
		};
/* End XCBuildConfiguration section */

/* Begin XCConfigurationList section */
		AB0000000000000000000001 = {isa = XCConfigurationList; buildConfigurations = (AC0000000000000000000001, AC0000000000000000000002, ); defaultConfigurationIsVisible = 0; defaultConfigurationName = Release; };
		AB0000000000000000000002 = {isa = XCConfigurationList; buildConfigurations = (AC0000000000000000000003, AC0000000000000000000004, ); defaultConfigurationIsVisible = 0; defaultConfigurationName = Release; };
		AB0000000000000000000003 = {isa = XCConfigurationList; buildConfigurations = (AC0000000000000000000005, AC0000000000000000000006, ); defaultConfigurationIsVisible = 0; defaultConfigurationName = Release; };
/* End XCConfigurationList section */
	};
	rootObject = A90000000000000000000001 /* Project object */;
}
